// !$*UTF8*$!
{
	archiveVersion = 1;
	classes = {
	};
	objectVersion = 54;
	objects = {

/* Begin PBXBuildFile section */
		2539E110306084329377849E /* Pods_SnakeTdd.framework in Frameworks */ = {isa = PBXBuildFile; fileRef = 761D9F4A010599B3A437886F /* Pods_SnakeTdd.framework */; };
		AAE60D339D182D2EBAD5209D /* Pods_SnakeTddTests.framework in Frameworks */ = {isa = PBXBuildFile; fileRef = AA1658A69A03F5018B3C50AC /* Pods_SnakeTddTests.framework */; };
		B62D20DB058DB3A0FB702A38 /* Pods_SnakeTdd_SnakeTddUITests.framework in Frameworks */ = {isa = PBXBuildFile; fileRef = 26AA75DFD1CCBCBD189FDC89 /* Pods_SnakeTdd_SnakeTddUITests.framework */; };
		FB105A2F291AE6280095C324 /* Colors.xcassets in Resources */ = {isa = PBXBuildFile; fileRef = FB105A2E291AE6280095C324 /* Colors.xcassets */; };
		FB105A32291AE8060095C324 /* R.generated.swift in Sources */ = {isa = PBXBuildFile; fileRef = FB105A31291AE8060095C324 /* R.generated.swift */; };
		FB105A34291AF0A50095C324 /* Coordinator.swift in Sources */ = {isa = PBXBuildFile; fileRef = FB105A33291AF0A50095C324 /* Coordinator.swift */; };
		FB105A39291AF12A0095C324 /* HomeCoordinator.swift in Sources */ = {isa = PBXBuildFile; fileRef = FB105A38291AF12A0095C324 /* HomeCoordinator.swift */; };
		FB1793BD291C5CB100341D0A /* MenuButton.swift in Sources */ = {isa = PBXBuildFile; fileRef = FB1793BC291C5CB100341D0A /* MenuButton.swift */; };
		FB1793BF291C605C00341D0A /* VisualEffectView.swift in Sources */ = {isa = PBXBuildFile; fileRef = FB1793BE291C605C00341D0A /* VisualEffectView.swift */; };
		FB2FC7AE291ED6F800A3C026 /* BackButton.swift in Sources */ = {isa = PBXBuildFile; fileRef = FB2FC7AD291ED6F800A3C026 /* BackButton.swift */; };
		FB2FC7B0291F018E00A3C026 /* PhoneButtonsView.swift in Sources */ = {isa = PBXBuildFile; fileRef = FB2FC7AF291F018E00A3C026 /* PhoneButtonsView.swift */; };
		FB35D2E823F8840D00F71097 /* AppDelegate.swift in Sources */ = {isa = PBXBuildFile; fileRef = FB35D2E723F8840D00F71097 /* AppDelegate.swift */; };
		FB35D2EA23F8840D00F71097 /* SceneDelegate.swift in Sources */ = {isa = PBXBuildFile; fileRef = FB35D2E923F8840D00F71097 /* SceneDelegate.swift */; };
		FB35D2EC23F8840D00F71097 /* ContentView.swift in Sources */ = {isa = PBXBuildFile; fileRef = FB35D2EB23F8840D00F71097 /* ContentView.swift */; };
		FB35D2EE23F8841100F71097 /* Assets.xcassets in Resources */ = {isa = PBXBuildFile; fileRef = FB35D2ED23F8841100F71097 /* Assets.xcassets */; };
		FB35D2F123F8841100F71097 /* Preview Assets.xcassets in Resources */ = {isa = PBXBuildFile; fileRef = FB35D2F023F8841100F71097 /* Preview Assets.xcassets */; };
		FB35D2F423F8841100F71097 /* LaunchScreen.storyboard in Resources */ = {isa = PBXBuildFile; fileRef = FB35D2F223F8841100F71097 /* LaunchScreen.storyboard */; };
		FB35D2FF23F8841100F71097 /* SnakeInitializationTests.swift in Sources */ = {isa = PBXBuildFile; fileRef = FB35D2FE23F8841100F71097 /* SnakeInitializationTests.swift */; };
		FB35D30A23F8841100F71097 /* SnakeTddUITests.swift in Sources */ = {isa = PBXBuildFile; fileRef = FB35D30923F8841100F71097 /* SnakeTddUITests.swift */; };
		FB35D31923F8861400F71097 /* Game.swift in Sources */ = {isa = PBXBuildFile; fileRef = FB35D31823F8861400F71097 /* Game.swift */; };
		FB35D31B23F88E5300F71097 /* Snake.swift in Sources */ = {isa = PBXBuildFile; fileRef = FB35D31A23F88E5300F71097 /* Snake.swift */; };
		FB35D31D23F88EF300F71097 /* MoveDirection.swift in Sources */ = {isa = PBXBuildFile; fileRef = FB35D31C23F88EF300F71097 /* MoveDirection.swift */; };
		FB35D31F23F8928B00F71097 /* CGPoint+Extensions.swift in Sources */ = {isa = PBXBuildFile; fileRef = FB35D31E23F8928B00F71097 /* CGPoint+Extensions.swift */; };
		FB35D32123F8941900F71097 /* CGVector+Extensions.swift in Sources */ = {isa = PBXBuildFile; fileRef = FB35D32023F8941900F71097 /* CGVector+Extensions.swift */; };
		FB35D32523F89EFD00F71097 /* MovementTests.swift in Sources */ = {isa = PBXBuildFile; fileRef = FB35D32423F89EFD00F71097 /* MovementTests.swift */; };
		FB35D32823F8AC7B00F71097 /* GameState.swift in Sources */ = {isa = PBXBuildFile; fileRef = FB35D32723F8AC7B00F71097 /* GameState.swift */; };
		FB35D32A23F8AD5800F71097 /* GameFeedTests.swift in Sources */ = {isa = PBXBuildFile; fileRef = FB35D32923F8AD5800F71097 /* GameFeedTests.swift */; };
		FB35D32C23F8B40A00F71097 /* GameSituationTests.swift in Sources */ = {isa = PBXBuildFile; fileRef = FB35D32B23F8B40A00F71097 /* GameSituationTests.swift */; };
		FB35D33023F93F9100F71097 /* HomeView.swift in Sources */ = {isa = PBXBuildFile; fileRef = FB35D32F23F93F9100F71097 /* HomeView.swift */; };
		FB35D33223F9402A00F71097 /* GameView.swift in Sources */ = {isa = PBXBuildFile; fileRef = FB35D33123F9402A00F71097 /* GameView.swift */; };
		FB35D33523F9403B00F71097 /* GameViewModel.swift in Sources */ = {isa = PBXBuildFile; fileRef = FB35D33423F9403B00F71097 /* GameViewModel.swift */; };
		FB35D33723F9503300F71097 /* SwipeTests.swift in Sources */ = {isa = PBXBuildFile; fileRef = FB35D33623F9503300F71097 /* SwipeTests.swift */; };
		FB35D33923F973FF00F71097 /* CellView.swift in Sources */ = {isa = PBXBuildFile; fileRef = FB35D33823F973FF00F71097 /* CellView.swift */; };
		FB35D33B23F9756F00F71097 /* CellType.swift in Sources */ = {isa = PBXBuildFile; fileRef = FB35D33A23F9756F00F71097 /* CellType.swift */; };
		FBA2AD9C291F93E90025AB17 /* SettingsView.swift in Sources */ = {isa = PBXBuildFile; fileRef = FBA2AD9B291F93E90025AB17 /* SettingsView.swift */; };
		FBA2AD9F291F94060025AB17 /* SettingsViewModel.swift in Sources */ = {isa = PBXBuildFile; fileRef = FBA2AD9E291F94060025AB17 /* SettingsViewModel.swift */; };
		FBA2ADA1291F94AC0025AB17 /* SettingsManager.swift in Sources */ = {isa = PBXBuildFile; fileRef = FBA2ADA0291F94AC0025AB17 /* SettingsManager.swift */; };
		FBA2ADA6291FB0A90025AB17 /* Storage.swift in Sources */ = {isa = PBXBuildFile; fileRef = FBA2ADA3291FB0A90025AB17 /* Storage.swift */; };
		FBA2ADA7291FB0A90025AB17 /* CodableStorage.swift in Sources */ = {isa = PBXBuildFile; fileRef = FBA2ADA4291FB0A90025AB17 /* CodableStorage.swift */; };
		FBA2ADA8291FB0A90025AB17 /* DiskStorage.swift in Sources */ = {isa = PBXBuildFile; fileRef = FBA2ADA5291FB0A90025AB17 /* DiskStorage.swift */; };
		FBA2ADAB291FB0C30025AB17 /* StorageManager.swift in Sources */ = {isa = PBXBuildFile; fileRef = FBA2ADAA291FB0C30025AB17 /* StorageManager.swift */; };
		FBA2ADAD291FB0EA0025AB17 /* DependencyManager.swift in Sources */ = {isa = PBXBuildFile; fileRef = FBA2ADAC291FB0EA0025AB17 /* DependencyManager.swift */; };
		FBA2ADAF29200ECC0025AB17 /* GameSpeed.swift in Sources */ = {isa = PBXBuildFile; fileRef = FBA2ADAE29200ECC0025AB17 /* GameSpeed.swift */; };
/* End PBXBuildFile section */

/* Begin PBXContainerItemProxy section */
		FB35D2FB23F8841100F71097 /* PBXContainerItemProxy */ = {
			isa = PBXContainerItemProxy;
			containerPortal = FB35D2DC23F8840D00F71097 /* Project object */;
			proxyType = 1;
			remoteGlobalIDString = FB35D2E323F8840D00F71097;
			remoteInfo = SnakeTdd;
		};
		FB35D30623F8841100F71097 /* PBXContainerItemProxy */ = {
			isa = PBXContainerItemProxy;
			containerPortal = FB35D2DC23F8840D00F71097 /* Project object */;
			proxyType = 1;
			remoteGlobalIDString = FB35D2E323F8840D00F71097;
			remoteInfo = SnakeTdd;
		};
/* End PBXContainerItemProxy section */

/* Begin PBXFileReference section */
		26AA75DFD1CCBCBD189FDC89 /* Pods_SnakeTdd_SnakeTddUITests.framework */ = {isa = PBXFileReference; explicitFileType = wrapper.framework; includeInIndex = 0; path = Pods_SnakeTdd_SnakeTddUITests.framework; sourceTree = BUILT_PRODUCTS_DIR; };
		66BB76AEF84208DD37E073B6 /* Pods-SnakeTdd-SnakeTddUITests.debug.xcconfig */ = {isa = PBXFileReference; includeInIndex = 1; lastKnownFileType = text.xcconfig; name = "Pods-SnakeTdd-SnakeTddUITests.debug.xcconfig"; path = "Target Support Files/Pods-SnakeTdd-SnakeTddUITests/Pods-SnakeTdd-SnakeTddUITests.debug.xcconfig"; sourceTree = "<group>"; };
		761D9F4A010599B3A437886F /* Pods_SnakeTdd.framework */ = {isa = PBXFileReference; explicitFileType = wrapper.framework; includeInIndex = 0; path = Pods_SnakeTdd.framework; sourceTree = BUILT_PRODUCTS_DIR; };
		9AE28049EABC0770ADA401DF /* Pods-SnakeTddTests.debug.xcconfig */ = {isa = PBXFileReference; includeInIndex = 1; lastKnownFileType = text.xcconfig; name = "Pods-SnakeTddTests.debug.xcconfig"; path = "Target Support Files/Pods-SnakeTddTests/Pods-SnakeTddTests.debug.xcconfig"; sourceTree = "<group>"; };
		A383EC5DF3EBE1AB672BE989 /* Pods-SnakeTdd.release.xcconfig */ = {isa = PBXFileReference; includeInIndex = 1; lastKnownFileType = text.xcconfig; name = "Pods-SnakeTdd.release.xcconfig"; path = "Target Support Files/Pods-SnakeTdd/Pods-SnakeTdd.release.xcconfig"; sourceTree = "<group>"; };
		A939578D82DD3D11AD6D248A /* Pods-SnakeTdd-SnakeTddUITests.release.xcconfig */ = {isa = PBXFileReference; includeInIndex = 1; lastKnownFileType = text.xcconfig; name = "Pods-SnakeTdd-SnakeTddUITests.release.xcconfig"; path = "Target Support Files/Pods-SnakeTdd-SnakeTddUITests/Pods-SnakeTdd-SnakeTddUITests.release.xcconfig"; sourceTree = "<group>"; };
		AA1658A69A03F5018B3C50AC /* Pods_SnakeTddTests.framework */ = {isa = PBXFileReference; explicitFileType = wrapper.framework; includeInIndex = 0; path = Pods_SnakeTddTests.framework; sourceTree = BUILT_PRODUCTS_DIR; };
		BBAA6A22EC59883870A8B2F1 /* Pods-SnakeTdd.debug.xcconfig */ = {isa = PBXFileReference; includeInIndex = 1; lastKnownFileType = text.xcconfig; name = "Pods-SnakeTdd.debug.xcconfig"; path = "Target Support Files/Pods-SnakeTdd/Pods-SnakeTdd.debug.xcconfig"; sourceTree = "<group>"; };
		F456F40B981F7B502B1C2D8A /* Pods-SnakeTddTests.release.xcconfig */ = {isa = PBXFileReference; includeInIndex = 1; lastKnownFileType = text.xcconfig; name = "Pods-SnakeTddTests.release.xcconfig"; path = "Target Support Files/Pods-SnakeTddTests/Pods-SnakeTddTests.release.xcconfig"; sourceTree = "<group>"; };
		FB105A2E291AE6280095C324 /* Colors.xcassets */ = {isa = PBXFileReference; lastKnownFileType = folder.assetcatalog; path = Colors.xcassets; sourceTree = "<group>"; };
		FB105A31291AE8060095C324 /* R.generated.swift */ = {isa = PBXFileReference; fileEncoding = 4; lastKnownFileType = sourcecode.swift; path = R.generated.swift; sourceTree = "<group>"; };
		FB105A33291AF0A50095C324 /* Coordinator.swift */ = {isa = PBXFileReference; lastKnownFileType = sourcecode.swift; path = Coordinator.swift; sourceTree = "<group>"; };
		FB105A38291AF12A0095C324 /* HomeCoordinator.swift */ = {isa = PBXFileReference; lastKnownFileType = sourcecode.swift; path = HomeCoordinator.swift; sourceTree = "<group>"; };
		FB1793BC291C5CB100341D0A /* MenuButton.swift */ = {isa = PBXFileReference; lastKnownFileType = sourcecode.swift; path = MenuButton.swift; sourceTree = "<group>"; };
		FB1793BE291C605C00341D0A /* VisualEffectView.swift */ = {isa = PBXFileReference; lastKnownFileType = sourcecode.swift; path = VisualEffectView.swift; sourceTree = "<group>"; };
		FB2FC7AD291ED6F800A3C026 /* BackButton.swift */ = {isa = PBXFileReference; lastKnownFileType = sourcecode.swift; path = BackButton.swift; sourceTree = "<group>"; };
		FB2FC7AF291F018E00A3C026 /* PhoneButtonsView.swift */ = {isa = PBXFileReference; lastKnownFileType = sourcecode.swift; path = PhoneButtonsView.swift; sourceTree = "<group>"; };
		FB35D2E423F8840D00F71097 /* SnakeTdd.app */ = {isa = PBXFileReference; explicitFileType = wrapper.application; includeInIndex = 0; path = SnakeTdd.app; sourceTree = BUILT_PRODUCTS_DIR; };
		FB35D2E723F8840D00F71097 /* AppDelegate.swift */ = {isa = PBXFileReference; lastKnownFileType = sourcecode.swift; path = AppDelegate.swift; sourceTree = "<group>"; };
		FB35D2E923F8840D00F71097 /* SceneDelegate.swift */ = {isa = PBXFileReference; lastKnownFileType = sourcecode.swift; path = SceneDelegate.swift; sourceTree = "<group>"; };
		FB35D2EB23F8840D00F71097 /* ContentView.swift */ = {isa = PBXFileReference; lastKnownFileType = sourcecode.swift; path = ContentView.swift; sourceTree = "<group>"; };
		FB35D2ED23F8841100F71097 /* Assets.xcassets */ = {isa = PBXFileReference; lastKnownFileType = folder.assetcatalog; path = Assets.xcassets; sourceTree = "<group>"; };
		FB35D2F023F8841100F71097 /* Preview Assets.xcassets */ = {isa = PBXFileReference; lastKnownFileType = folder.assetcatalog; path = "Preview Assets.xcassets"; sourceTree = "<group>"; };
		FB35D2F323F8841100F71097 /* Base */ = {isa = PBXFileReference; lastKnownFileType = file.storyboard; name = Base; path = Base.lproj/LaunchScreen.storyboard; sourceTree = "<group>"; };
		FB35D2F523F8841100F71097 /* Info.plist */ = {isa = PBXFileReference; lastKnownFileType = text.plist.xml; path = Info.plist; sourceTree = "<group>"; };
		FB35D2FA23F8841100F71097 /* SnakeTddTests.xctest */ = {isa = PBXFileReference; explicitFileType = wrapper.cfbundle; includeInIndex = 0; path = SnakeTddTests.xctest; sourceTree = BUILT_PRODUCTS_DIR; };
		FB35D2FE23F8841100F71097 /* SnakeInitializationTests.swift */ = {isa = PBXFileReference; lastKnownFileType = sourcecode.swift; path = SnakeInitializationTests.swift; sourceTree = "<group>"; };
		FB35D30023F8841100F71097 /* Info.plist */ = {isa = PBXFileReference; lastKnownFileType = text.plist.xml; path = Info.plist; sourceTree = "<group>"; };
		FB35D30523F8841100F71097 /* SnakeTddUITests.xctest */ = {isa = PBXFileReference; explicitFileType = wrapper.cfbundle; includeInIndex = 0; path = SnakeTddUITests.xctest; sourceTree = BUILT_PRODUCTS_DIR; };
		FB35D30923F8841100F71097 /* SnakeTddUITests.swift */ = {isa = PBXFileReference; lastKnownFileType = sourcecode.swift; path = SnakeTddUITests.swift; sourceTree = "<group>"; };
		FB35D30B23F8841100F71097 /* Info.plist */ = {isa = PBXFileReference; lastKnownFileType = text.plist.xml; path = Info.plist; sourceTree = "<group>"; };
		FB35D31823F8861400F71097 /* Game.swift */ = {isa = PBXFileReference; lastKnownFileType = sourcecode.swift; path = Game.swift; sourceTree = "<group>"; };
		FB35D31A23F88E5300F71097 /* Snake.swift */ = {isa = PBXFileReference; lastKnownFileType = sourcecode.swift; path = Snake.swift; sourceTree = "<group>"; };
		FB35D31C23F88EF300F71097 /* MoveDirection.swift */ = {isa = PBXFileReference; lastKnownFileType = sourcecode.swift; path = MoveDirection.swift; sourceTree = "<group>"; };
		FB35D31E23F8928B00F71097 /* CGPoint+Extensions.swift */ = {isa = PBXFileReference; lastKnownFileType = sourcecode.swift; path = "CGPoint+Extensions.swift"; sourceTree = "<group>"; };
		FB35D32023F8941900F71097 /* CGVector+Extensions.swift */ = {isa = PBXFileReference; lastKnownFileType = sourcecode.swift; path = "CGVector+Extensions.swift"; sourceTree = "<group>"; };
		FB35D32423F89EFD00F71097 /* MovementTests.swift */ = {isa = PBXFileReference; lastKnownFileType = sourcecode.swift; path = MovementTests.swift; sourceTree = "<group>"; };
		FB35D32723F8AC7B00F71097 /* GameState.swift */ = {isa = PBXFileReference; lastKnownFileType = sourcecode.swift; path = GameState.swift; sourceTree = "<group>"; };
		FB35D32923F8AD5800F71097 /* GameFeedTests.swift */ = {isa = PBXFileReference; lastKnownFileType = sourcecode.swift; path = GameFeedTests.swift; sourceTree = "<group>"; };
		FB35D32B23F8B40A00F71097 /* GameSituationTests.swift */ = {isa = PBXFileReference; lastKnownFileType = sourcecode.swift; path = GameSituationTests.swift; sourceTree = "<group>"; };
		FB35D32F23F93F9100F71097 /* HomeView.swift */ = {isa = PBXFileReference; lastKnownFileType = sourcecode.swift; path = HomeView.swift; sourceTree = "<group>"; };
		FB35D33123F9402A00F71097 /* GameView.swift */ = {isa = PBXFileReference; lastKnownFileType = sourcecode.swift; path = GameView.swift; sourceTree = "<group>"; };
		FB35D33423F9403B00F71097 /* GameViewModel.swift */ = {isa = PBXFileReference; lastKnownFileType = sourcecode.swift; path = GameViewModel.swift; sourceTree = "<group>"; };
		FB35D33623F9503300F71097 /* SwipeTests.swift */ = {isa = PBXFileReference; lastKnownFileType = sourcecode.swift; path = SwipeTests.swift; sourceTree = "<group>"; };
		FB35D33823F973FF00F71097 /* CellView.swift */ = {isa = PBXFileReference; lastKnownFileType = sourcecode.swift; path = CellView.swift; sourceTree = "<group>"; };
		FB35D33A23F9756F00F71097 /* CellType.swift */ = {isa = PBXFileReference; lastKnownFileType = sourcecode.swift; path = CellType.swift; sourceTree = "<group>"; };
		FBA2AD9B291F93E90025AB17 /* SettingsView.swift */ = {isa = PBXFileReference; lastKnownFileType = sourcecode.swift; path = SettingsView.swift; sourceTree = "<group>"; };
		FBA2AD9E291F94060025AB17 /* SettingsViewModel.swift */ = {isa = PBXFileReference; lastKnownFileType = sourcecode.swift; path = SettingsViewModel.swift; sourceTree = "<group>"; };
		FBA2ADA0291F94AC0025AB17 /* SettingsManager.swift */ = {isa = PBXFileReference; lastKnownFileType = sourcecode.swift; path = SettingsManager.swift; sourceTree = "<group>"; };
		FBA2ADA3291FB0A90025AB17 /* Storage.swift */ = {isa = PBXFileReference; fileEncoding = 4; lastKnownFileType = sourcecode.swift; path = Storage.swift; sourceTree = "<group>"; };
		FBA2ADA4291FB0A90025AB17 /* CodableStorage.swift */ = {isa = PBXFileReference; fileEncoding = 4; lastKnownFileType = sourcecode.swift; path = CodableStorage.swift; sourceTree = "<group>"; };
		FBA2ADA5291FB0A90025AB17 /* DiskStorage.swift */ = {isa = PBXFileReference; fileEncoding = 4; lastKnownFileType = sourcecode.swift; path = DiskStorage.swift; sourceTree = "<group>"; };
		FBA2ADAA291FB0C30025AB17 /* StorageManager.swift */ = {isa = PBXFileReference; lastKnownFileType = sourcecode.swift; path = StorageManager.swift; sourceTree = "<group>"; };
		FBA2ADAC291FB0EA0025AB17 /* DependencyManager.swift */ = {isa = PBXFileReference; lastKnownFileType = sourcecode.swift; path = DependencyManager.swift; sourceTree = "<group>"; };
		FBA2ADAE29200ECC0025AB17 /* GameSpeed.swift */ = {isa = PBXFileReference; lastKnownFileType = sourcecode.swift; path = GameSpeed.swift; sourceTree = "<group>"; };
/* End PBXFileReference section */

/* Begin PBXFrameworksBuildPhase section */
		FB35D2E123F8840D00F71097 /* Frameworks */ = {
			isa = PBXFrameworksBuildPhase;
			buildActionMask = 2147483647;
			files = (
				2539E110306084329377849E /* Pods_SnakeTdd.framework in Frameworks */,
			);
			runOnlyForDeploymentPostprocessing = 0;
		};
		FB35D2F723F8841100F71097 /* Frameworks */ = {
			isa = PBXFrameworksBuildPhase;
			buildActionMask = 2147483647;
			files = (
				AAE60D339D182D2EBAD5209D /* Pods_SnakeTddTests.framework in Frameworks */,
			);
			runOnlyForDeploymentPostprocessing = 0;
		};
		FB35D30223F8841100F71097 /* Frameworks */ = {
			isa = PBXFrameworksBuildPhase;
			buildActionMask = 2147483647;
			files = (
				B62D20DB058DB3A0FB702A38 /* Pods_SnakeTdd_SnakeTddUITests.framework in Frameworks */,
			);
			runOnlyForDeploymentPostprocessing = 0;
		};
/* End PBXFrameworksBuildPhase section */

/* Begin PBXGroup section */
		04B6EBDE236C504237AD18A2 /* Frameworks */ = {
			isa = PBXGroup;
			children = (
				761D9F4A010599B3A437886F /* Pods_SnakeTdd.framework */,
				26AA75DFD1CCBCBD189FDC89 /* Pods_SnakeTdd_SnakeTddUITests.framework */,
				AA1658A69A03F5018B3C50AC /* Pods_SnakeTddTests.framework */,
			);
			name = Frameworks;
			sourceTree = "<group>";
		};
		610A31E38F01041361025786 /* Pods */ = {
			isa = PBXGroup;
			children = (
				BBAA6A22EC59883870A8B2F1 /* Pods-SnakeTdd.debug.xcconfig */,
				A383EC5DF3EBE1AB672BE989 /* Pods-SnakeTdd.release.xcconfig */,
				66BB76AEF84208DD37E073B6 /* Pods-SnakeTdd-SnakeTddUITests.debug.xcconfig */,
				A939578D82DD3D11AD6D248A /* Pods-SnakeTdd-SnakeTddUITests.release.xcconfig */,
				9AE28049EABC0770ADA401DF /* Pods-SnakeTddTests.debug.xcconfig */,
				F456F40B981F7B502B1C2D8A /* Pods-SnakeTddTests.release.xcconfig */,
			);
			path = Pods;
			sourceTree = "<group>";
		};
		FB105A2D291AE6120095C324 /* Resources */ = {
			isa = PBXGroup;
			children = (
				FB35D2ED23F8841100F71097 /* Assets.xcassets */,
				FB105A2E291AE6280095C324 /* Colors.xcassets */,
			);
			path = Resources;
			sourceTree = "<group>";
		};
		FB105A35291AF0D50095C324 /* Story */ = {
			isa = PBXGroup;
			children = (
				FB105A37291AF0E10095C324 /* Game */,
				FB105A36291AF0DD0095C324 /* Home */,
			);
			path = Story;
			sourceTree = "<group>";
		};
		FB105A36291AF0DD0095C324 /* Home */ = {
			isa = PBXGroup;
			children = (
				FB35D32F23F93F9100F71097 /* HomeView.swift */,
				FB105A38291AF12A0095C324 /* HomeCoordinator.swift */,
			);
			path = Home;
			sourceTree = "<group>";
		};
		FB105A37291AF0E10095C324 /* Game */ = {
			isa = PBXGroup;
			children = (
				FBA2AD9D291F93F10025AB17 /* Settings */,
				FB35D33323F9402E00F71097 /* ViewModels */,
				FB35D33123F9402A00F71097 /* GameView.swift */,
				FB35D33823F973FF00F71097 /* CellView.swift */,
				FB2FC7AF291F018E00A3C026 /* PhoneButtonsView.swift */,
			);
			path = Game;
			sourceTree = "<group>";
		};
		FB1793BB291C5C9F00341D0A /* Components */ = {
			isa = PBXGroup;
			children = (
				FB1793BC291C5CB100341D0A /* MenuButton.swift */,
				FB1793BE291C605C00341D0A /* VisualEffectView.swift */,
				FB2FC7AD291ED6F800A3C026 /* BackButton.swift */,
			);
			path = Components;
			sourceTree = "<group>";
		};
		FB35D2DB23F8840D00F71097 = {
			isa = PBXGroup;
			children = (
				FB35D2E623F8840D00F71097 /* SnakeTdd */,
				FB35D2FD23F8841100F71097 /* SnakeTddTests */,
				FB35D30823F8841100F71097 /* SnakeTddUITests */,
				FB35D2E523F8840D00F71097 /* Products */,
				610A31E38F01041361025786 /* Pods */,
				04B6EBDE236C504237AD18A2 /* Frameworks */,
			);
			sourceTree = "<group>";
		};
		FB35D2E523F8840D00F71097 /* Products */ = {
			isa = PBXGroup;
			children = (
				FB35D2E423F8840D00F71097 /* SnakeTdd.app */,
				FB35D2FA23F8841100F71097 /* SnakeTddTests.xctest */,
				FB35D30523F8841100F71097 /* SnakeTddUITests.xctest */,
			);
			name = Products;
			sourceTree = "<group>";
		};
		FB35D2E623F8840D00F71097 /* SnakeTdd */ = {
			isa = PBXGroup;
			children = (
				FB1793BB291C5C9F00341D0A /* Components */,
				FB105A35291AF0D50095C324 /* Story */,
				FB35D32623F8AA9D00F71097 /* Enums */,
				FB35D32223F8941F00F71097 /* Extensions */,
				FB105A2D291AE6120095C324 /* Resources */,
				FB35D32323F8942700F71097 /* Utils */,
				FB35D2E723F8840D00F71097 /* AppDelegate.swift */,
				FB35D2E923F8840D00F71097 /* SceneDelegate.swift */,
				FB35D2EB23F8840D00F71097 /* ContentView.swift */,
				FB35D2F223F8841100F71097 /* LaunchScreen.storyboard */,
				FB105A31291AE8060095C324 /* R.generated.swift */,
				FB35D2F523F8841100F71097 /* Info.plist */,
				FB35D2EF23F8841100F71097 /* Preview Content */,
			);
			path = SnakeTdd;
			sourceTree = "<group>";
		};
		FB35D2EF23F8841100F71097 /* Preview Content */ = {
			isa = PBXGroup;
			children = (
				FB35D2F023F8841100F71097 /* Preview Assets.xcassets */,
			);
			path = "Preview Content";
			sourceTree = "<group>";
		};
		FB35D2FD23F8841100F71097 /* SnakeTddTests */ = {
			isa = PBXGroup;
			children = (
				FB35D2FE23F8841100F71097 /* SnakeInitializationTests.swift */,
				FB35D32423F89EFD00F71097 /* MovementTests.swift */,
				FB35D32B23F8B40A00F71097 /* GameSituationTests.swift */,
				FB35D32923F8AD5800F71097 /* GameFeedTests.swift */,
				FB35D33623F9503300F71097 /* SwipeTests.swift */,
				FB35D30023F8841100F71097 /* Info.plist */,
			);
			path = SnakeTddTests;
			sourceTree = "<group>";
		};
		FB35D30823F8841100F71097 /* SnakeTddUITests */ = {
			isa = PBXGroup;
			children = (
				FB35D30923F8841100F71097 /* SnakeTddUITests.swift */,
				FB35D30B23F8841100F71097 /* Info.plist */,
			);
			path = SnakeTddUITests;
			sourceTree = "<group>";
		};
		FB35D32223F8941F00F71097 /* Extensions */ = {
			isa = PBXGroup;
			children = (
				FB35D32023F8941900F71097 /* CGVector+Extensions.swift */,
				FB35D31E23F8928B00F71097 /* CGPoint+Extensions.swift */,
			);
			path = Extensions;
			sourceTree = "<group>";
		};
		FB35D32323F8942700F71097 /* Utils */ = {
			isa = PBXGroup;
			children = (
				FBA2ADA9291FB0B90025AB17 /* Managers */,
				FBA2ADA2291FB0A90025AB17 /* Storage */,
				FB35D31823F8861400F71097 /* Game.swift */,
				FB35D31A23F88E5300F71097 /* Snake.swift */,
				FB105A33291AF0A50095C324 /* Coordinator.swift */,
				FBA2ADA0291F94AC0025AB17 /* SettingsManager.swift */,
				FBA2ADAE29200ECC0025AB17 /* GameSpeed.swift */,
			);
			path = Utils;
			sourceTree = "<group>";
		};
		FB35D32623F8AA9D00F71097 /* Enums */ = {
			isa = PBXGroup;
			children = (
				FB35D31C23F88EF300F71097 /* MoveDirection.swift */,
				FB35D32723F8AC7B00F71097 /* GameState.swift */,
				FB35D33A23F9756F00F71097 /* CellType.swift */,
			);
			path = Enums;
			sourceTree = "<group>";
		};
		FB35D33323F9402E00F71097 /* ViewModels */ = {
			isa = PBXGroup;
			children = (
				FB35D33423F9403B00F71097 /* GameViewModel.swift */,
			);
			path = ViewModels;
			sourceTree = "<group>";
		};
		FBA2AD9D291F93F10025AB17 /* Settings */ = {
			isa = PBXGroup;
			children = (
				FBA2AD9B291F93E90025AB17 /* SettingsView.swift */,
				FBA2AD9E291F94060025AB17 /* SettingsViewModel.swift */,
			);
			path = Settings;
			sourceTree = "<group>";
		};
		FBA2ADA2291FB0A90025AB17 /* Storage */ = {
			isa = PBXGroup;
			children = (
				FBA2ADA3291FB0A90025AB17 /* Storage.swift */,
				FBA2ADA4291FB0A90025AB17 /* CodableStorage.swift */,
				FBA2ADA5291FB0A90025AB17 /* DiskStorage.swift */,
			);
			path = Storage;
			sourceTree = "<group>";
		};
		FBA2ADA9291FB0B90025AB17 /* Managers */ = {
			isa = PBXGroup;
			children = (
				FBA2ADAA291FB0C30025AB17 /* StorageManager.swift */,
				FBA2ADAC291FB0EA0025AB17 /* DependencyManager.swift */,
			);
			path = Managers;
			sourceTree = "<group>";
		};
/* End PBXGroup section */

/* Begin PBXNativeTarget section */
		FB35D2E323F8840D00F71097 /* SnakeTdd */ = {
			isa = PBXNativeTarget;
			buildConfigurationList = FB35D30E23F8841100F71097 /* Build configuration list for PBXNativeTarget "SnakeTdd" */;
			buildPhases = (
				75FA327D93A0F522BBA0B87B /* [CP] Check Pods Manifest.lock */,
				FB105A30291AE7230095C324 /* R.swift */,
				FB35D2E023F8840D00F71097 /* Sources */,
				FB35D2E123F8840D00F71097 /* Frameworks */,
				FB35D2E223F8840D00F71097 /* Resources */,
				1FB6DF6BB0CCED9226A86D7A /* [CP] Embed Pods Frameworks */,
			);
			buildRules = (
			);
			dependencies = (
			);
			name = SnakeTdd;
			productName = SnakeTdd;
			productReference = FB35D2E423F8840D00F71097 /* SnakeTdd.app */;
			productType = "com.apple.product-type.application";
		};
		FB35D2F923F8841100F71097 /* SnakeTddTests */ = {
			isa = PBXNativeTarget;
			buildConfigurationList = FB35D31123F8841100F71097 /* Build configuration list for PBXNativeTarget "SnakeTddTests" */;
			buildPhases = (
				CCB1832B2480F6EF8CBB7035 /* [CP] Check Pods Manifest.lock */,
				FB35D2F623F8841100F71097 /* Sources */,
				FB35D2F723F8841100F71097 /* Frameworks */,
				FB35D2F823F8841100F71097 /* Resources */,
			);
			buildRules = (
			);
			dependencies = (
				FB35D2FC23F8841100F71097 /* PBXTargetDependency */,
			);
			name = SnakeTddTests;
			productName = SnakeTddTests;
			productReference = FB35D2FA23F8841100F71097 /* SnakeTddTests.xctest */;
			productType = "com.apple.product-type.bundle.unit-test";
		};
		FB35D30423F8841100F71097 /* SnakeTddUITests */ = {
			isa = PBXNativeTarget;
			buildConfigurationList = FB35D31423F8841100F71097 /* Build configuration list for PBXNativeTarget "SnakeTddUITests" */;
			buildPhases = (
				773E9D8E0A117A2C11733D09 /* [CP] Check Pods Manifest.lock */,
				FB35D30123F8841100F71097 /* Sources */,
				FB35D30223F8841100F71097 /* Frameworks */,
				FB35D30323F8841100F71097 /* Resources */,
				EE2B337BBCA84F9599A0BC1F /* [CP] Embed Pods Frameworks */,
			);
			buildRules = (
			);
			dependencies = (
				FB35D30723F8841100F71097 /* PBXTargetDependency */,
			);
			name = SnakeTddUITests;
			productName = SnakeTddUITests;
			productReference = FB35D30523F8841100F71097 /* SnakeTddUITests.xctest */;
			productType = "com.apple.product-type.bundle.ui-testing";
		};
/* End PBXNativeTarget section */

/* Begin PBXProject section */
		FB35D2DC23F8840D00F71097 /* Project object */ = {
			isa = PBXProject;
			attributes = {
				LastSwiftUpdateCheck = 1130;
				LastUpgradeCheck = 1130;
				ORGANIZATIONNAME = "Furkan Kaynar";
				TargetAttributes = {
					FB35D2E323F8840D00F71097 = {
						CreatedOnToolsVersion = 11.3.1;
					};
					FB35D2F923F8841100F71097 = {
						CreatedOnToolsVersion = 11.3.1;
						TestTargetID = FB35D2E323F8840D00F71097;
					};
					FB35D30423F8841100F71097 = {
						CreatedOnToolsVersion = 11.3.1;
						TestTargetID = FB35D2E323F8840D00F71097;
					};
				};
			};
			buildConfigurationList = FB35D2DF23F8840D00F71097 /* Build configuration list for PBXProject "SnakeTdd" */;
			compatibilityVersion = "Xcode 9.3";
			developmentRegion = en;
			hasScannedForEncodings = 0;
			knownRegions = (
				en,
				Base,
			);
			mainGroup = FB35D2DB23F8840D00F71097;
			productRefGroup = FB35D2E523F8840D00F71097 /* Products */;
			projectDirPath = "";
			projectRoot = "";
			targets = (
				FB35D2E323F8840D00F71097 /* SnakeTdd */,
				FB35D2F923F8841100F71097 /* SnakeTddTests */,
				FB35D30423F8841100F71097 /* SnakeTddUITests */,
			);
		};
/* End PBXProject section */

/* Begin PBXResourcesBuildPhase section */
		FB35D2E223F8840D00F71097 /* Resources */ = {
			isa = PBXResourcesBuildPhase;
			buildActionMask = 2147483647;
			files = (
				FB35D2F423F8841100F71097 /* LaunchScreen.storyboard in Resources */,
				FB105A2F291AE6280095C324 /* Colors.xcassets in Resources */,
				FB35D2F123F8841100F71097 /* Preview Assets.xcassets in Resources */,
				FB35D2EE23F8841100F71097 /* Assets.xcassets in Resources */,
			);
			runOnlyForDeploymentPostprocessing = 0;
		};
		FB35D2F823F8841100F71097 /* Resources */ = {
			isa = PBXResourcesBuildPhase;
			buildActionMask = 2147483647;
			files = (
			);
			runOnlyForDeploymentPostprocessing = 0;
		};
		FB35D30323F8841100F71097 /* Resources */ = {
			isa = PBXResourcesBuildPhase;
			buildActionMask = 2147483647;
			files = (
			);
			runOnlyForDeploymentPostprocessing = 0;
		};
/* End PBXResourcesBuildPhase section */

/* Begin PBXShellScriptBuildPhase section */
		1FB6DF6BB0CCED9226A86D7A /* [CP] Embed Pods Frameworks */ = {
			isa = PBXShellScriptBuildPhase;
			buildActionMask = 2147483647;
			files = (
			);
			inputFileListPaths = (
				"${PODS_ROOT}/Target Support Files/Pods-SnakeTdd/Pods-SnakeTdd-frameworks-${CONFIGURATION}-input-files.xcfilelist",
			);
			name = "[CP] Embed Pods Frameworks";
			outputFileListPaths = (
				"${PODS_ROOT}/Target Support Files/Pods-SnakeTdd/Pods-SnakeTdd-frameworks-${CONFIGURATION}-output-files.xcfilelist",
			);
			runOnlyForDeploymentPostprocessing = 0;
			shellPath = /bin/sh;
			shellScript = "\"${PODS_ROOT}/Target Support Files/Pods-SnakeTdd/Pods-SnakeTdd-frameworks.sh\"\n";
			showEnvVarsInLog = 0;
		};
		75FA327D93A0F522BBA0B87B /* [CP] Check Pods Manifest.lock */ = {
			isa = PBXShellScriptBuildPhase;
			buildActionMask = 2147483647;
			files = (
			);
			inputFileListPaths = (
			);
			inputPaths = (
				"${PODS_PODFILE_DIR_PATH}/Podfile.lock",
				"${PODS_ROOT}/Manifest.lock",
			);
			name = "[CP] Check Pods Manifest.lock";
			outputFileListPaths = (
			);
			outputPaths = (
				"$(DERIVED_FILE_DIR)/Pods-SnakeTdd-checkManifestLockResult.txt",
			);
			runOnlyForDeploymentPostprocessing = 0;
			shellPath = /bin/sh;
			shellScript = "diff \"${PODS_PODFILE_DIR_PATH}/Podfile.lock\" \"${PODS_ROOT}/Manifest.lock\" > /dev/null\nif [ $? != 0 ] ; then\n    # print error to STDERR\n    echo \"error: The sandbox is not in sync with the Podfile.lock. Run 'pod install' or update your CocoaPods installation.\" >&2\n    exit 1\nfi\n# This output is used by Xcode 'outputs' to avoid re-running this script phase.\necho \"SUCCESS\" > \"${SCRIPT_OUTPUT_FILE_0}\"\n";
			showEnvVarsInLog = 0;
		};
		773E9D8E0A117A2C11733D09 /* [CP] Check Pods Manifest.lock */ = {
			isa = PBXShellScriptBuildPhase;
			buildActionMask = 2147483647;
			files = (
			);
			inputFileListPaths = (
			);
			inputPaths = (
				"${PODS_PODFILE_DIR_PATH}/Podfile.lock",
				"${PODS_ROOT}/Manifest.lock",
			);
			name = "[CP] Check Pods Manifest.lock";
			outputFileListPaths = (
			);
			outputPaths = (
				"$(DERIVED_FILE_DIR)/Pods-SnakeTdd-SnakeTddUITests-checkManifestLockResult.txt",
			);
			runOnlyForDeploymentPostprocessing = 0;
			shellPath = /bin/sh;
			shellScript = "diff \"${PODS_PODFILE_DIR_PATH}/Podfile.lock\" \"${PODS_ROOT}/Manifest.lock\" > /dev/null\nif [ $? != 0 ] ; then\n    # print error to STDERR\n    echo \"error: The sandbox is not in sync with the Podfile.lock. Run 'pod install' or update your CocoaPods installation.\" >&2\n    exit 1\nfi\n# This output is used by Xcode 'outputs' to avoid re-running this script phase.\necho \"SUCCESS\" > \"${SCRIPT_OUTPUT_FILE_0}\"\n";
			showEnvVarsInLog = 0;
		};
		CCB1832B2480F6EF8CBB7035 /* [CP] Check Pods Manifest.lock */ = {
			isa = PBXShellScriptBuildPhase;
			buildActionMask = 2147483647;
			files = (
			);
			inputFileListPaths = (
			);
			inputPaths = (
				"${PODS_PODFILE_DIR_PATH}/Podfile.lock",
				"${PODS_ROOT}/Manifest.lock",
			);
			name = "[CP] Check Pods Manifest.lock";
			outputFileListPaths = (
			);
			outputPaths = (
				"$(DERIVED_FILE_DIR)/Pods-SnakeTddTests-checkManifestLockResult.txt",
			);
			runOnlyForDeploymentPostprocessing = 0;
			shellPath = /bin/sh;
			shellScript = "diff \"${PODS_PODFILE_DIR_PATH}/Podfile.lock\" \"${PODS_ROOT}/Manifest.lock\" > /dev/null\nif [ $? != 0 ] ; then\n    # print error to STDERR\n    echo \"error: The sandbox is not in sync with the Podfile.lock. Run 'pod install' or update your CocoaPods installation.\" >&2\n    exit 1\nfi\n# This output is used by Xcode 'outputs' to avoid re-running this script phase.\necho \"SUCCESS\" > \"${SCRIPT_OUTPUT_FILE_0}\"\n";
			showEnvVarsInLog = 0;
		};
		EE2B337BBCA84F9599A0BC1F /* [CP] Embed Pods Frameworks */ = {
			isa = PBXShellScriptBuildPhase;
			buildActionMask = 2147483647;
			files = (
			);
			inputFileListPaths = (
				"${PODS_ROOT}/Target Support Files/Pods-SnakeTdd-SnakeTddUITests/Pods-SnakeTdd-SnakeTddUITests-frameworks-${CONFIGURATION}-input-files.xcfilelist",
			);
			name = "[CP] Embed Pods Frameworks";
			outputFileListPaths = (
				"${PODS_ROOT}/Target Support Files/Pods-SnakeTdd-SnakeTddUITests/Pods-SnakeTdd-SnakeTddUITests-frameworks-${CONFIGURATION}-output-files.xcfilelist",
			);
			runOnlyForDeploymentPostprocessing = 0;
			shellPath = /bin/sh;
			shellScript = "\"${PODS_ROOT}/Target Support Files/Pods-SnakeTdd-SnakeTddUITests/Pods-SnakeTdd-SnakeTddUITests-frameworks.sh\"\n";
			showEnvVarsInLog = 0;
		};
		FB105A30291AE7230095C324 /* R.swift */ = {
			isa = PBXShellScriptBuildPhase;
			alwaysOutOfDate = 1;
			buildActionMask = 2147483647;
			files = (
			);
			inputFileListPaths = (
			);
			inputPaths = (
			);
			name = R.swift;
			outputFileListPaths = (
			);
			outputPaths = (
				$SRCROOT/R.generated.swift,
			);
			runOnlyForDeploymentPostprocessing = 0;
			shellPath = /bin/sh;
			shellScript = "# Type a script or drag a script file from your workspace to insert its path.\n\"$PODS_ROOT/R.swift/rswift\" generate \"$SRCROOT/SnakeTdd/R.generated.swift\"\n";
		};
/* End PBXShellScriptBuildPhase section */

/* Begin PBXSourcesBuildPhase section */
		FB35D2E023F8840D00F71097 /* Sources */ = {
			isa = PBXSourcesBuildPhase;
			buildActionMask = 2147483647;
			files = (
				FB105A34291AF0A50095C324 /* Coordinator.swift in Sources */,
				FBA2ADAD291FB0EA0025AB17 /* DependencyManager.swift in Sources */,
				FBA2AD9F291F94060025AB17 /* SettingsViewModel.swift in Sources */,
				FB35D33523F9403B00F71097 /* GameViewModel.swift in Sources */,
				FBA2ADAB291FB0C30025AB17 /* StorageManager.swift in Sources */,
				FB2FC7B0291F018E00A3C026 /* PhoneButtonsView.swift in Sources */,
				FB35D31F23F8928B00F71097 /* CGPoint+Extensions.swift in Sources */,
				FB105A39291AF12A0095C324 /* HomeCoordinator.swift in Sources */,
				FB2FC7AE291ED6F800A3C026 /* BackButton.swift in Sources */,
				FB105A32291AE8060095C324 /* R.generated.swift in Sources */,
				FB35D31D23F88EF300F71097 /* MoveDirection.swift in Sources */,
				FBA2ADA6291FB0A90025AB17 /* Storage.swift in Sources */,
				FB35D2E823F8840D00F71097 /* AppDelegate.swift in Sources */,
				FB35D33023F93F9100F71097 /* HomeView.swift in Sources */,
				FB35D2EA23F8840D00F71097 /* SceneDelegate.swift in Sources */,
				FBA2ADAF29200ECC0025AB17 /* GameSpeed.swift in Sources */,
				FB35D33223F9402A00F71097 /* GameView.swift in Sources */,
				FB35D32123F8941900F71097 /* CGVector+Extensions.swift in Sources */,
				FB35D31B23F88E5300F71097 /* Snake.swift in Sources */,
				FB35D33923F973FF00F71097 /* CellView.swift in Sources */,
				FB35D32823F8AC7B00F71097 /* GameState.swift in Sources */,
				FB1793BD291C5CB100341D0A /* MenuButton.swift in Sources */,
				FB35D33B23F9756F00F71097 /* CellType.swift in Sources */,
				FBA2ADA7291FB0A90025AB17 /* CodableStorage.swift in Sources */,
				FB35D2EC23F8840D00F71097 /* ContentView.swift in Sources */,
				FBA2ADA1291F94AC0025AB17 /* SettingsManager.swift in Sources */,
				FBA2ADA8291FB0A90025AB17 /* DiskStorage.swift in Sources */,
				FB1793BF291C605C00341D0A /* VisualEffectView.swift in Sources */,
				FB35D31923F8861400F71097 /* Game.swift in Sources */,
				FBA2AD9C291F93E90025AB17 /* SettingsView.swift in Sources */,
			);
			runOnlyForDeploymentPostprocessing = 0;
		};
		FB35D2F623F8841100F71097 /* Sources */ = {
			isa = PBXSourcesBuildPhase;
			buildActionMask = 2147483647;
			files = (
				FB35D32C23F8B40A00F71097 /* GameSituationTests.swift in Sources */,
				FB35D2FF23F8841100F71097 /* SnakeInitializationTests.swift in Sources */,
				FB35D33723F9503300F71097 /* SwipeTests.swift in Sources */,
				FB35D32523F89EFD00F71097 /* MovementTests.swift in Sources */,
				FB35D32A23F8AD5800F71097 /* GameFeedTests.swift in Sources */,
			);
			runOnlyForDeploymentPostprocessing = 0;
		};
		FB35D30123F8841100F71097 /* Sources */ = {
			isa = PBXSourcesBuildPhase;
			buildActionMask = 2147483647;
			files = (
				FB35D30A23F8841100F71097 /* SnakeTddUITests.swift in Sources */,
			);
			runOnlyForDeploymentPostprocessing = 0;
		};
/* End PBXSourcesBuildPhase section */

/* Begin PBXTargetDependency section */
		FB35D2FC23F8841100F71097 /* PBXTargetDependency */ = {
			isa = PBXTargetDependency;
			target = FB35D2E323F8840D00F71097 /* SnakeTdd */;
			targetProxy = FB35D2FB23F8841100F71097 /* PBXContainerItemProxy */;
		};
		FB35D30723F8841100F71097 /* PBXTargetDependency */ = {
			isa = PBXTargetDependency;
			target = FB35D2E323F8840D00F71097 /* SnakeTdd */;
			targetProxy = FB35D30623F8841100F71097 /* PBXContainerItemProxy */;
		};
/* End PBXTargetDependency section */

/* Begin PBXVariantGroup section */
		FB35D2F223F8841100F71097 /* LaunchScreen.storyboard */ = {
			isa = PBXVariantGroup;
			children = (
				FB35D2F323F8841100F71097 /* Base */,
			);
			name = LaunchScreen.storyboard;
			sourceTree = "<group>";
		};
/* End PBXVariantGroup section */

/* Begin XCBuildConfiguration section */
		FB35D30C23F8841100F71097 /* Debug */ = {
			isa = XCBuildConfiguration;
			buildSettings = {
				ALWAYS_SEARCH_USER_PATHS = NO;
				CLANG_ANALYZER_NONNULL = YES;
				CLANG_ANALYZER_NUMBER_OBJECT_CONVERSION = YES_AGGRESSIVE;
				CLANG_CXX_LANGUAGE_STANDARD = "gnu++14";
				CLANG_CXX_LIBRARY = "libc++";
				CLANG_ENABLE_MODULES = YES;
				CLANG_ENABLE_OBJC_ARC = YES;
				CLANG_ENABLE_OBJC_WEAK = YES;
				CLANG_WARN_BLOCK_CAPTURE_AUTORELEASING = YES;
				CLANG_WARN_BOOL_CONVERSION = YES;
				CLANG_WARN_COMMA = YES;
				CLANG_WARN_CONSTANT_CONVERSION = YES;
				CLANG_WARN_DEPRECATED_OBJC_IMPLEMENTATIONS = YES;
				CLANG_WARN_DIRECT_OBJC_ISA_USAGE = YES_ERROR;
				CLANG_WARN_DOCUMENTATION_COMMENTS = YES;
				CLANG_WARN_EMPTY_BODY = YES;
				CLANG_WARN_ENUM_CONVERSION = YES;
				CLANG_WARN_INFINITE_RECURSION = YES;
				CLANG_WARN_INT_CONVERSION = YES;
				CLANG_WARN_NON_LITERAL_NULL_CONVERSION = YES;
				CLANG_WARN_OBJC_IMPLICIT_RETAIN_SELF = YES;
				CLANG_WARN_OBJC_LITERAL_CONVERSION = YES;
				CLANG_WARN_OBJC_ROOT_CLASS = YES_ERROR;
				CLANG_WARN_RANGE_LOOP_ANALYSIS = YES;
				CLANG_WARN_STRICT_PROTOTYPES = YES;
				CLANG_WARN_SUSPICIOUS_MOVE = YES;
				CLANG_WARN_UNGUARDED_AVAILABILITY = YES_AGGRESSIVE;
				CLANG_WARN_UNREACHABLE_CODE = YES;
				CLANG_WARN__DUPLICATE_METHOD_MATCH = YES;
				COPY_PHASE_STRIP = NO;
				DEBUG_INFORMATION_FORMAT = dwarf;
				ENABLE_STRICT_OBJC_MSGSEND = YES;
				ENABLE_TESTABILITY = YES;
				GCC_C_LANGUAGE_STANDARD = gnu11;
				GCC_DYNAMIC_NO_PIC = NO;
				GCC_NO_COMMON_BLOCKS = YES;
				GCC_OPTIMIZATION_LEVEL = 0;
				GCC_PREPROCESSOR_DEFINITIONS = (
					"DEBUG=1",
					"$(inherited)",
				);
				GCC_WARN_64_TO_32_BIT_CONVERSION = YES;
				GCC_WARN_ABOUT_RETURN_TYPE = YES_ERROR;
				GCC_WARN_UNDECLARED_SELECTOR = YES;
				GCC_WARN_UNINITIALIZED_AUTOS = YES_AGGRESSIVE;
				GCC_WARN_UNUSED_FUNCTION = YES;
				GCC_WARN_UNUSED_VARIABLE = YES;
				IPHONEOS_DEPLOYMENT_TARGET = 14.7;
				MTL_ENABLE_DEBUG_INFO = INCLUDE_SOURCE;
				MTL_FAST_MATH = YES;
				ONLY_ACTIVE_ARCH = YES;
				SDKROOT = iphoneos;
				SWIFT_ACTIVE_COMPILATION_CONDITIONS = DEBUG;
				SWIFT_OPTIMIZATION_LEVEL = "-Onone";
			};
			name = Debug;
		};
		FB35D30D23F8841100F71097 /* Release */ = {
			isa = XCBuildConfiguration;
			buildSettings = {
				ALWAYS_SEARCH_USER_PATHS = NO;
				CLANG_ANALYZER_NONNULL = YES;
				CLANG_ANALYZER_NUMBER_OBJECT_CONVERSION = YES_AGGRESSIVE;
				CLANG_CXX_LANGUAGE_STANDARD = "gnu++14";
				CLANG_CXX_LIBRARY = "libc++";
				CLANG_ENABLE_MODULES = YES;
				CLANG_ENABLE_OBJC_ARC = YES;
				CLANG_ENABLE_OBJC_WEAK = YES;
				CLANG_WARN_BLOCK_CAPTURE_AUTORELEASING = YES;
				CLANG_WARN_BOOL_CONVERSION = YES;
				CLANG_WARN_COMMA = YES;
				CLANG_WARN_CONSTANT_CONVERSION = YES;
				CLANG_WARN_DEPRECATED_OBJC_IMPLEMENTATIONS = YES;
				CLANG_WARN_DIRECT_OBJC_ISA_USAGE = YES_ERROR;
				CLANG_WARN_DOCUMENTATION_COMMENTS = YES;
				CLANG_WARN_EMPTY_BODY = YES;
				CLANG_WARN_ENUM_CONVERSION = YES;
				CLANG_WARN_INFINITE_RECURSION = YES;
				CLANG_WARN_INT_CONVERSION = YES;
				CLANG_WARN_NON_LITERAL_NULL_CONVERSION = YES;
				CLANG_WARN_OBJC_IMPLICIT_RETAIN_SELF = YES;
				CLANG_WARN_OBJC_LITERAL_CONVERSION = YES;
				CLANG_WARN_OBJC_ROOT_CLASS = YES_ERROR;
				CLANG_WARN_RANGE_LOOP_ANALYSIS = YES;
				CLANG_WARN_STRICT_PROTOTYPES = YES;
				CLANG_WARN_SUSPICIOUS_MOVE = YES;
				CLANG_WARN_UNGUARDED_AVAILABILITY = YES_AGGRESSIVE;
				CLANG_WARN_UNREACHABLE_CODE = YES;
				CLANG_WARN__DUPLICATE_METHOD_MATCH = YES;
				COPY_PHASE_STRIP = NO;
				DEBUG_INFORMATION_FORMAT = "dwarf-with-dsym";
				ENABLE_NS_ASSERTIONS = NO;
				ENABLE_STRICT_OBJC_MSGSEND = YES;
				GCC_C_LANGUAGE_STANDARD = gnu11;
				GCC_NO_COMMON_BLOCKS = YES;
				GCC_WARN_64_TO_32_BIT_CONVERSION = YES;
				GCC_WARN_ABOUT_RETURN_TYPE = YES_ERROR;
				GCC_WARN_UNDECLARED_SELECTOR = YES;
				GCC_WARN_UNINITIALIZED_AUTOS = YES_AGGRESSIVE;
				GCC_WARN_UNUSED_FUNCTION = YES;
				GCC_WARN_UNUSED_VARIABLE = YES;
				IPHONEOS_DEPLOYMENT_TARGET = 14.7;
				MTL_ENABLE_DEBUG_INFO = NO;
				MTL_FAST_MATH = YES;
				SDKROOT = iphoneos;
				SWIFT_COMPILATION_MODE = wholemodule;
				SWIFT_OPTIMIZATION_LEVEL = "-O";
				VALIDATE_PRODUCT = YES;
			};
			name = Release;
		};
		FB35D30F23F8841100F71097 /* Debug */ = {
			isa = XCBuildConfiguration;
			baseConfigurationReference = BBAA6A22EC59883870A8B2F1 /* Pods-SnakeTdd.debug.xcconfig */;
			buildSettings = {
				ASSETCATALOG_COMPILER_APPICON_NAME = AppIcon;
				CODE_SIGN_STYLE = Automatic;
				DEVELOPMENT_ASSET_PATHS = "\"SnakeTdd/Preview Content\"";
				DEVELOPMENT_TEAM = TU6A9VFP8M;
				ENABLE_PREVIEWS = YES;
				INFOPLIST_FILE = SnakeTdd/Info.plist;
				INFOPLIST_KEY_CFBundleDisplayName = Snakev;
				INFOPLIST_KEY_LSApplicationCategoryType = "public.app-category.puzzle-games";
				IPHONEOS_DEPLOYMENT_TARGET = 15.6;
				LD_RUNPATH_SEARCH_PATHS = (
					"$(inherited)",
					"@executable_path/Frameworks",
				);
				PRODUCT_BUNDLE_IDENTIFIER = furrki.SnakeTdd;
				PRODUCT_NAME = "$(TARGET_NAME)";
				SWIFT_VERSION = 5.0;
				TARGETED_DEVICE_FAMILY = "1,2";
			};
			name = Debug;
		};
		FB35D31023F8841100F71097 /* Release */ = {
			isa = XCBuildConfiguration;
			baseConfigurationReference = A383EC5DF3EBE1AB672BE989 /* Pods-SnakeTdd.release.xcconfig */;
			buildSettings = {
				ASSETCATALOG_COMPILER_APPICON_NAME = AppIcon;
				CODE_SIGN_STYLE = Automatic;
				DEVELOPMENT_ASSET_PATHS = "\"SnakeTdd/Preview Content\"";
				DEVELOPMENT_TEAM = TU6A9VFP8M;
				ENABLE_PREVIEWS = YES;
				INFOPLIST_FILE = SnakeTdd/Info.plist;
				INFOPLIST_KEY_CFBundleDisplayName = Snakev;
				INFOPLIST_KEY_LSApplicationCategoryType = "public.app-category.puzzle-games";
				IPHONEOS_DEPLOYMENT_TARGET = 15.6;
				LD_RUNPATH_SEARCH_PATHS = (
					"$(inherited)",
					"@executable_path/Frameworks",
				);
				PRODUCT_BUNDLE_IDENTIFIER = furrki.SnakeTdd;
				PRODUCT_NAME = "$(TARGET_NAME)";
				SWIFT_VERSION = 5.0;
				TARGETED_DEVICE_FAMILY = "1,2";
			};
			name = Release;
		};
		FB35D31223F8841100F71097 /* Debug */ = {
			isa = XCBuildConfiguration;
			baseConfigurationReference = 9AE28049EABC0770ADA401DF /* Pods-SnakeTddTests.debug.xcconfig */;
			buildSettings = {
				ALWAYS_EMBED_SWIFT_STANDARD_LIBRARIES = YES;
				BUNDLE_LOADER = "$(TEST_HOST)";
				CODE_SIGN_STYLE = Automatic;
				DEVELOPMENT_TEAM = TU6A9VFP8M;
				INFOPLIST_FILE = SnakeTddTests/Info.plist;
				IPHONEOS_DEPLOYMENT_TARGET = 13.2;
				LD_RUNPATH_SEARCH_PATHS = (
					"$(inherited)",
					"@executable_path/Frameworks",
					"@loader_path/Frameworks",
				);
				PRODUCT_BUNDLE_IDENTIFIER = furrki.SnakeTddTests;
				PRODUCT_NAME = "$(TARGET_NAME)";
				SWIFT_VERSION = 5.0;
				TARGETED_DEVICE_FAMILY = "1,2";
				TEST_HOST = "$(BUILT_PRODUCTS_DIR)/SnakeTdd.app/SnakeTdd";
			};
			name = Debug;
		};
		FB35D31323F8841100F71097 /* Release */ = {
			isa = XCBuildConfiguration;
			baseConfigurationReference = F456F40B981F7B502B1C2D8A /* Pods-SnakeTddTests.release.xcconfig */;
			buildSettings = {
				ALWAYS_EMBED_SWIFT_STANDARD_LIBRARIES = YES;
				BUNDLE_LOADER = "$(TEST_HOST)";
				CODE_SIGN_STYLE = Automatic;
				DEVELOPMENT_TEAM = TU6A9VFP8M;
				INFOPLIST_FILE = SnakeTddTests/Info.plist;
				IPHONEOS_DEPLOYMENT_TARGET = 13.2;
				LD_RUNPATH_SEARCH_PATHS = (
					"$(inherited)",
					"@executable_path/Frameworks",
					"@loader_path/Frameworks",
				);
				PRODUCT_BUNDLE_IDENTIFIER = furrki.SnakeTddTests;
				PRODUCT_NAME = "$(TARGET_NAME)";
				SWIFT_VERSION = 5.0;
				TARGETED_DEVICE_FAMILY = "1,2";
				TEST_HOST = "$(BUILT_PRODUCTS_DIR)/SnakeTdd.app/SnakeTdd";
			};
			name = Release;
		};
		FB35D31523F8841100F71097 /* Debug */ = {
			isa = XCBuildConfiguration;
			baseConfigurationReference = 66BB76AEF84208DD37E073B6 /* Pods-SnakeTdd-SnakeTddUITests.debug.xcconfig */;
			buildSettings = {
				ALWAYS_EMBED_SWIFT_STANDARD_LIBRARIES = YES;
				CODE_SIGN_STYLE = Automatic;
				DEVELOPMENT_TEAM = TU6A9VFP8M;
				INFOPLIST_FILE = SnakeTddUITests/Info.plist;
				LD_RUNPATH_SEARCH_PATHS = (
					"$(inherited)",
					"@executable_path/Frameworks",
					"@loader_path/Frameworks",
				);
				PRODUCT_BUNDLE_IDENTIFIER = furrki.SnakeTddUITests;
				PRODUCT_NAME = "$(TARGET_NAME)";
				SWIFT_VERSION = 5.0;
				TARGETED_DEVICE_FAMILY = "1,2";
				TEST_TARGET_NAME = SnakeTdd;
			};
			name = Debug;
		};
		FB35D31623F8841100F71097 /* Release */ = {
			isa = XCBuildConfiguration;
			baseConfigurationReference = A939578D82DD3D11AD6D248A /* Pods-SnakeTdd-SnakeTddUITests.release.xcconfig */;
			buildSettings = {
				ALWAYS_EMBED_SWIFT_STANDARD_LIBRARIES = YES;
				CODE_SIGN_STYLE = Automatic;
				DEVELOPMENT_TEAM = TU6A9VFP8M;
				INFOPLIST_FILE = SnakeTddUITests/Info.plist;
				LD_RUNPATH_SEARCH_PATHS = (
					"$(inherited)",
					"@executable_path/Frameworks",
					"@loader_path/Frameworks",
				);
				PRODUCT_BUNDLE_IDENTIFIER = furrki.SnakeTddUITests;
				PRODUCT_NAME = "$(TARGET_NAME)";
				SWIFT_VERSION = 5.0;
				TARGETED_DEVICE_FAMILY = "1,2";
				TEST_TARGET_NAME = SnakeTdd;
			};
			name = Release;
		};
/* End XCBuildConfiguration section */

/* Begin XCConfigurationList section */
		FB35D2DF23F8840D00F71097 /* Build configuration list for PBXProject "SnakeTdd" */ = {
			isa = XCConfigurationList;
			buildConfigurations = (
				FB35D30C23F8841100F71097 /* Debug */,
				FB35D30D23F8841100F71097 /* Release */,
			);
			defaultConfigurationIsVisible = 0;
			defaultConfigurationName = Release;
		};
		FB35D30E23F8841100F71097 /* Build configuration list for PBXNativeTarget "SnakeTdd" */ = {
			isa = XCConfigurationList;
			buildConfigurations = (
				FB35D30F23F8841100F71097 /* Debug */,
				FB35D31023F8841100F71097 /* Release */,
			);
			defaultConfigurationIsVisible = 0;
			defaultConfigurationName = Release;
		};
		FB35D31123F8841100F71097 /* Build configuration list for PBXNativeTarget "SnakeTddTests" */ = {
			isa = XCConfigurationList;
			buildConfigurations = (
				FB35D31223F8841100F71097 /* Debug */,
				FB35D31323F8841100F71097 /* Release */,
			);
			defaultConfigurationIsVisible = 0;
			defaultConfigurationName = Release;
		};
		FB35D31423F8841100F71097 /* Build configuration list for PBXNativeTarget "SnakeTddUITests" */ = {
			isa = XCConfigurationList;
			buildConfigurations = (
				FB35D31523F8841100F71097 /* Debug */,
				FB35D31623F8841100F71097 /* Release */,
			);
			defaultConfigurationIsVisible = 0;
			defaultConfigurationName = Release;
		};
/* End XCConfigurationList section */
	};
	rootObject = FB35D2DC23F8840D00F71097 /* Project object */;
}
